
Microsoft Visual Studio Solution File, Format Version 12.00
# Visual Studio Version 17
VisualStudioVersion = 17.8.34309.116
MinimumVisualStudioVersion = 10.0.40219.1
Project("{FAE04EC0-301F-11D3-BF4B-00C04F79EFBC}") = "Dados", "Dados\Dados.csproj", "{0CA00D03-2B1C-4E8B-927C-AAF2828CA819}"
EndProject
Project("{FAE04EC0-301F-11D3-BF4B-00C04F79EFBC}") = "ObjetosNegocio", "ObjetosNegocio\ObjetosNegocio.csproj", "{4D11A57A-113C-4D41-B737-2D4D1B2D95A0}"
EndProject
Project("{FAE04EC0-301F-11D3-BF4B-00C04F79EFBC}") = "GereHospital", "GereHospital\GereHospital.csproj", "{7969EE59-ED3E-43EF-B175-B03ABCAC71EA}"
EndProject
Project("{FAE04EC0-301F-11D3-BF4B-00C04F79EFBC}") = "RegrasNegocio", "RegrasNegocio\RegrasNegocio.csproj", "{C19425FF-80E6-4A87-ACE1-A63E752C38F4}"
EndProject
Global
	GlobalSection(SolutionConfigurationPlatforms) = preSolution
		Debug|Any CPU = Debug|Any CPU
		Release|Any CPU = Release|Any CPU
	EndGlobalSection
	GlobalSection(ProjectConfigurationPlatforms) = postSolution
		{0CA00D03-2B1C-4E8B-927C-AAF2828CA819}.Debug|Any CPU.ActiveCfg = Debug|Any CPU
		{0CA00D03-2B1C-4E8B-927C-AAF2828CA819}.Debug|Any CPU.Build.0 = Debug|Any CPU
		{0CA00D03-2B1C-4E8B-927C-AAF2828CA819}.Release|Any CPU.ActiveCfg = Release|Any CPU
		{0CA00D03-2B1C-4E8B-927C-AAF2828CA819}.Release|Any CPU.Build.0 = Release|Any CPU
		{4D11A57A-113C-4D41-B737-2D4D1B2D95A0}.Debug|Any CPU.ActiveCfg = Debug|Any CPU
		{4D11A57A-113C-4D41-B737-2D4D1B2D95A0}.Debug|Any CPU.Build.0 = Debug|Any CPU
		{4D11A57A-113C-4D41-B737-2D4D1B2D95A0}.Release|Any CPU.ActiveCfg = Release|Any CPU
		{4D11A57A-113C-4D41-B737-2D4D1B2D95A0}.Release|Any CPU.Build.0 = Release|Any CPU
		{7969EE59-ED3E-43EF-B175-B03ABCAC71EA}.Debug|Any CPU.ActiveCfg = Debug|Any CPU
		{7969EE59-ED3E-43EF-B175-B03ABCAC71EA}.Debug|Any CPU.Build.0 = Debug|Any CPU
		{7969EE59-ED3E-43EF-B175-B03ABCAC71EA}.Release|Any CPU.ActiveCfg = Release|Any CPU
		{7969EE59-ED3E-43EF-B175-B03ABCAC71EA}.Release|Any CPU.Build.0 = Release|Any CPU
		{C19425FF-80E6-4A87-ACE1-A63E752C38F4}.Debug|Any CPU.ActiveCfg = Debug|Any CPU
		{C19425FF-80E6-4A87-ACE1-A63E752C38F4}.Debug|Any CPU.Build.0 = Debug|Any CPU
		{C19425FF-80E6-4A87-ACE1-A63E752C38F4}.Release|Any CPU.ActiveCfg = Release|Any CPU
		{C19425FF-80E6-4A87-ACE1-A63E752C38F4}.Release|Any CPU.Build.0 = Release|Any CPU
	EndGlobalSection
	GlobalSection(SolutionProperties) = preSolution
		HideSolutionNode = FALSE
	EndGlobalSection
	GlobalSection(ExtensibilityGlobals) = postSolution
		SolutionGuid = {3FD42243-D396-4350-9A9D-D3F82C70ED2A}
	EndGlobalSection
EndGlobal
